
Microsoft Visual Studio Solution File, Format Version 12.00
# Visual Studio Version 16
VisualStudioVersion = 16.0.30011.22
MinimumVisualStudioVersion = 10.0.40219.1
Project("{FAE04EC0-301F-11D3-BF4B-00C04F79EFBC}") = "coffeTeaProject", "coffeTeaProject\coffeTeaProject.csproj", "{A53B15DD-A7E0-494D-B93C-F9268BBE8D47}"
EndProject
Project("{2150E333-8FDC-42A3-9474-1A3956D46DE8}") = "DataUtilities_", "DataUtilities_", "{99D6EBED-5896-4082-876D-42A2D568CFE9}"
EndProject
Global
	GlobalSection(SolutionConfigurationPlatforms) = preSolution
		Debug|Any CPU = Debug|Any CPU
		Release|Any CPU = Release|Any CPU
	EndGlobalSection
	GlobalSection(ProjectConfigurationPlatforms) = postSolution
		{A53B15DD-A7E0-494D-B93C-F9268BBE8D47}.Debug|Any CPU.ActiveCfg = Debug|Any CPU
		{A53B15DD-A7E0-494D-B93C-F9268BBE8D47}.Debug|Any CPU.Build.0 = Debug|Any CPU
		{A53B15DD-A7E0-494D-B93C-F9268BBE8D47}.Release|Any CPU.ActiveCfg = Release|Any CPU
		{A53B15DD-A7E0-494D-B93C-F9268BBE8D47}.Release|Any CPU.Build.0 = Release|Any CPU
	EndGlobalSection
	GlobalSection(SolutionProperties) = preSolution
		HideSolutionNode = FALSE
	EndGlobalSection
	GlobalSection(ExtensibilityGlobals) = postSolution
		SolutionGuid = {63386C1A-D620-4654-913C-607E07EF67D6}
	EndGlobalSection
EndGlobal
